{
  "requires": true,
  "lockfileVersion": 1,
  "dependencies": {
    "chrono-node": {
      "version": "1.3.11",
      "resolved": "https://registry.npmjs.org/chrono-node/-/chrono-node-1.3.11.tgz",
      "integrity": "sha512-jDWRnY6nYvzfV3HPYBqo+tot7tcsUs9i3arGbMdI0TouPSXP2C2y/Ctp27rxKTQDi6yuTxAB2cw+Q6igGhOhdQ==",
      "requires": {
        "moment": "2.21.0"
      }
    },
    "moment": {
      "version": "2.21.0",
      "resolved": "https://registry.npmjs.org/moment/-/moment-2.21.0.tgz",
      "integrity": "sha512-TCZ36BjURTeFTM/CwRcViQlfkMvL1/vFISuNLO5GkcVm1+QHfbSiNqZuWeMFjj1/3+uAjXswgRk30j1kkLYJBQ=="
    }
  }
}
